
Microsoft Visual Studio Solution File, Format Version 11.00
# Visual Studio 2010
Project("{FAE04EC0-301F-11D3-BF4B-00C04F79EFBC}") = "Blueapps", "Blueapps\Blueapps.csproj", "{9E59A2E2-4614-4B2F-887F-0264C28B2425}"
EndProject
Global
	GlobalSection(SolutionConfigurationPlatforms) = preSolution
		Debug|Any CPU = Debug|Any CPU
		Release|Any CPU = Release|Any CPU
	EndGlobalSection
	GlobalSection(ProjectConfigurationPlatforms) = postSolution
		{9E59A2E2-4614-4B2F-887F-0264C28B2425}.Debug|Any CPU.ActiveCfg = Debug|Any CPU
		{9E59A2E2-4614-4B2F-887F-0264C28B2425}.Debug|Any CPU.Build.0 = Debug|Any CPU
		{9E59A2E2-4614-4B2F-887F-0264C28B2425}.Release|Any CPU.ActiveCfg = Release|Any CPU
		{9E59A2E2-4614-4B2F-887F-0264C28B2425}.Release|Any CPU.Build.0 = Release|Any CPU
	EndGlobalSection
	GlobalSection(SolutionProperties) = preSolution
		HideSolutionNode = FALSE
	EndGlobalSection
EndGlobal
